{
  "name": "playdate-d",
  "lockfileVersion": 3,
  "requires": true,
  "packages": {
    "": {
      "name": "playdate-d",
      "devDependencies": {
        "pd-usb": "^2.0.1"
      }
    },
    "node_modules/pd-usb": {
      "version": "2.0.1",
      "resolved": "https://registry.npmjs.org/pd-usb/-/pd-usb-2.0.1.tgz",
      "integrity": "sha512-FtumLO/u3pUjKEoaHAqL/qmnfIdj6JFmDMzyRcTQosJnT+H8GvwD4IXrMuvD/93AQ2cgruVPynkVLlObtwHmwQ==",
      "dev": true
    }
  }
}
